
Microsoft Visual Studio Solution File, Format Version 12.00
# Visual Studio Version 17
VisualStudioVersion = 17.1.32328.378
MinimumVisualStudioVersion = 10.0.40219.1
Project("{9A19103F-16F7-4668-BE54-9A1E7A4F7556}") = "QuizzApp.Data", "QuizzApp.Data\QuizzApp.Data.csproj", "{EC74C21C-5AB0-4880-92F8-486C00A9B2DF}"
EndProject
Project("{9A19103F-16F7-4668-BE54-9A1E7A4F7556}") = "QuizzApp.Repository", "QuizzApp.Repository\QuizzApp.Repository.csproj", "{3C521547-394C-4F66-80E1-78D4D634A261}"
EndProject
Project("{9A19103F-16F7-4668-BE54-9A1E7A4F7556}") = "QuizzApp.Web", "QuizzApp.Web\QuizzApp.Web.csproj", "{4330A8ED-F21B-438E-9334-3C68C5E2CA79}"
EndProject
Project("{9A19103F-16F7-4668-BE54-9A1E7A4F7556}") = "QuizzApp.VModels", "Models\QuizzApp.VModels.csproj", "{6F352DD2-395D-44C9-8584-F70E6D71DA16}"
EndProject
Global
	GlobalSection(SolutionConfigurationPlatforms) = preSolution
		Debug|Any CPU = Debug|Any CPU
		Release|Any CPU = Release|Any CPU
	EndGlobalSection
	GlobalSection(ProjectConfigurationPlatforms) = postSolution
		{EC74C21C-5AB0-4880-92F8-486C00A9B2DF}.Debug|Any CPU.ActiveCfg = Debug|Any CPU
		{EC74C21C-5AB0-4880-92F8-486C00A9B2DF}.Debug|Any CPU.Build.0 = Debug|Any CPU
		{EC74C21C-5AB0-4880-92F8-486C00A9B2DF}.Release|Any CPU.ActiveCfg = Release|Any CPU
		{EC74C21C-5AB0-4880-92F8-486C00A9B2DF}.Release|Any CPU.Build.0 = Release|Any CPU
		{3C521547-394C-4F66-80E1-78D4D634A261}.Debug|Any CPU.ActiveCfg = Debug|Any CPU
		{3C521547-394C-4F66-80E1-78D4D634A261}.Debug|Any CPU.Build.0 = Debug|Any CPU
		{3C521547-394C-4F66-80E1-78D4D634A261}.Release|Any CPU.ActiveCfg = Release|Any CPU
		{3C521547-394C-4F66-80E1-78D4D634A261}.Release|Any CPU.Build.0 = Release|Any CPU
		{4330A8ED-F21B-438E-9334-3C68C5E2CA79}.Debug|Any CPU.ActiveCfg = Debug|Any CPU
		{4330A8ED-F21B-438E-9334-3C68C5E2CA79}.Debug|Any CPU.Build.0 = Debug|Any CPU
		{4330A8ED-F21B-438E-9334-3C68C5E2CA79}.Release|Any CPU.ActiveCfg = Release|Any CPU
		{4330A8ED-F21B-438E-9334-3C68C5E2CA79}.Release|Any CPU.Build.0 = Release|Any CPU
		{6F352DD2-395D-44C9-8584-F70E6D71DA16}.Debug|Any CPU.ActiveCfg = Debug|Any CPU
		{6F352DD2-395D-44C9-8584-F70E6D71DA16}.Debug|Any CPU.Build.0 = Debug|Any CPU
		{6F352DD2-395D-44C9-8584-F70E6D71DA16}.Release|Any CPU.ActiveCfg = Release|Any CPU
		{6F352DD2-395D-44C9-8584-F70E6D71DA16}.Release|Any CPU.Build.0 = Release|Any CPU
	EndGlobalSection
	GlobalSection(SolutionProperties) = preSolution
		HideSolutionNode = FALSE
	EndGlobalSection
	GlobalSection(ExtensibilityGlobals) = postSolution
		SolutionGuid = {0F815696-665D-4EF9-B213-BE8D3FEF2EC7}
	EndGlobalSection
EndGlobal
